
Microsoft Visual Studio Solution File, Format Version 12.00
# Visual Studio Version 17
VisualStudioVersion = 17.8.34309.116
MinimumVisualStudioVersion = 10.0.40219.1
Project("{9A19103F-16F7-4668-BE54-9A1E7A4F7556}") = "DaveTheMonitor.Core", "DaveTheMonitor.Core\DaveTheMonitor.Core.csproj", "{5AA7E318-98AA-47D4-8BAE-13FA1A2B96FB}"
EndProject
Project("{9A19103F-16F7-4668-BE54-9A1E7A4F7556}") = "DaveTheMonitor.Core.Particles", "DaveTheMonitor.Core.Particles\DaveTheMonitor.Core.Particles.csproj", "{53BEE43D-AE8F-443F-B439-E6D50C0D46A8}"
EndProject
Project("{9A19103F-16F7-4668-BE54-9A1E7A4F7556}") = "DaveTheMonitor.Core.Effects", "DaveTheMonitor.Core.Effects\DaveTheMonitor.Core.Effects.csproj", "{3A0972A1-9A0D-4B9B-9615-120475A8E07E}"
EndProject
Project("{9A19103F-16F7-4668-BE54-9A1E7A4F7556}") = "DaveTheMonitor.Core.Biomes", "DaveTheMonitor.Core.Biomes\DaveTheMonitor.Core.Biomes.csproj", "{65D14B30-23DF-479A-A2EE-DF08633C8D2C}"
EndProject
Project("{9A19103F-16F7-4668-BE54-9A1E7A4F7556}") = "DaveTheMonitor.CSR", "DaveTheMonitor.CSR\DaveTheMonitor.CSR.csproj", "{E62F4CF3-CDDF-4D7C-B1B4-72CA780D6BF5}"
EndProject
Project("{9A19103F-16F7-4668-BE54-9A1E7A4F7556}") = "DaveTheMonitor.Core.Loader", "DaveTheMonitor.Core.Loader\DaveTheMonitor.Core.Loader.csproj", "{ED66A7A2-DB90-4CF6-813E-385F0EBD56EC}"
EndProject
Project("{9A19103F-16F7-4668-BE54-9A1E7A4F7556}") = "DaveTheMonitor.Core.UnitTests", "DaveTheMonitor.Core.UnitTests\DaveTheMonitor.Core.UnitTests.csproj", "{1B675580-644F-4DEE-9153-9079257CA549}"
EndProject
Project("{2150E333-8FDC-42A3-9474-1A3956D46DE8}") = "Solution Items", "Solution Items", "{E48C9631-3304-476D-B35C-724A2A878F42}"
	ProjectSection(SolutionItems) = preProject
		.editorconfig = .editorconfig
		.gitignore = .gitignore
		Changelog.md = Changelog.md
		README.md = README.md
	EndProjectSection
EndProject
Global
	GlobalSection(SolutionConfigurationPlatforms) = preSolution
		Debug|Any CPU = Debug|Any CPU
		Debug|x64 = Debug|x64
		Release|Any CPU = Release|Any CPU
		Release|x64 = Release|x64
	EndGlobalSection
	GlobalSection(ProjectConfigurationPlatforms) = postSolution
		{5AA7E318-98AA-47D4-8BAE-13FA1A2B96FB}.Debug|Any CPU.ActiveCfg = Debug|x64
		{5AA7E318-98AA-47D4-8BAE-13FA1A2B96FB}.Debug|Any CPU.Build.0 = Debug|x64
		{5AA7E318-98AA-47D4-8BAE-13FA1A2B96FB}.Debug|x64.ActiveCfg = Debug|x64
		{5AA7E318-98AA-47D4-8BAE-13FA1A2B96FB}.Debug|x64.Build.0 = Debug|x64
		{5AA7E318-98AA-47D4-8BAE-13FA1A2B96FB}.Release|Any CPU.ActiveCfg = Release|x64
		{5AA7E318-98AA-47D4-8BAE-13FA1A2B96FB}.Release|Any CPU.Build.0 = Release|x64
		{5AA7E318-98AA-47D4-8BAE-13FA1A2B96FB}.Release|x64.ActiveCfg = Release|x64
		{5AA7E318-98AA-47D4-8BAE-13FA1A2B96FB}.Release|x64.Build.0 = Release|x64
		{53BEE43D-AE8F-443F-B439-E6D50C0D46A8}.Debug|Any CPU.ActiveCfg = Debug|x64
		{53BEE43D-AE8F-443F-B439-E6D50C0D46A8}.Debug|Any CPU.Build.0 = Debug|x64
		{53BEE43D-AE8F-443F-B439-E6D50C0D46A8}.Debug|x64.ActiveCfg = Debug|x64
		{53BEE43D-AE8F-443F-B439-E6D50C0D46A8}.Debug|x64.Build.0 = Debug|x64
		{53BEE43D-AE8F-443F-B439-E6D50C0D46A8}.Release|Any CPU.ActiveCfg = Release|x64
		{53BEE43D-AE8F-443F-B439-E6D50C0D46A8}.Release|Any CPU.Build.0 = Release|x64
		{53BEE43D-AE8F-443F-B439-E6D50C0D46A8}.Release|x64.ActiveCfg = Release|x64
		{53BEE43D-AE8F-443F-B439-E6D50C0D46A8}.Release|x64.Build.0 = Release|x64
		{3A0972A1-9A0D-4B9B-9615-120475A8E07E}.Debug|Any CPU.ActiveCfg = Debug|x64
		{3A0972A1-9A0D-4B9B-9615-120475A8E07E}.Debug|Any CPU.Build.0 = Debug|x64
		{3A0972A1-9A0D-4B9B-9615-120475A8E07E}.Debug|x64.ActiveCfg = Debug|x64
		{3A0972A1-9A0D-4B9B-9615-120475A8E07E}.Debug|x64.Build.0 = Debug|x64
		{3A0972A1-9A0D-4B9B-9615-120475A8E07E}.Release|Any CPU.ActiveCfg = Release|x64
		{3A0972A1-9A0D-4B9B-9615-120475A8E07E}.Release|Any CPU.Build.0 = Release|x64
		{3A0972A1-9A0D-4B9B-9615-120475A8E07E}.Release|x64.ActiveCfg = Release|x64
		{3A0972A1-9A0D-4B9B-9615-120475A8E07E}.Release|x64.Build.0 = Release|x64
		{65D14B30-23DF-479A-A2EE-DF08633C8D2C}.Debug|Any CPU.ActiveCfg = Debug|x64
		{65D14B30-23DF-479A-A2EE-DF08633C8D2C}.Debug|Any CPU.Build.0 = Debug|x64
		{65D14B30-23DF-479A-A2EE-DF08633C8D2C}.Debug|x64.ActiveCfg = Debug|x64
		{65D14B30-23DF-479A-A2EE-DF08633C8D2C}.Debug|x64.Build.0 = Debug|x64
		{65D14B30-23DF-479A-A2EE-DF08633C8D2C}.Release|Any CPU.ActiveCfg = Release|x64
		{65D14B30-23DF-479A-A2EE-DF08633C8D2C}.Release|Any CPU.Build.0 = Release|x64
		{65D14B30-23DF-479A-A2EE-DF08633C8D2C}.Release|x64.ActiveCfg = Release|x64
		{65D14B30-23DF-479A-A2EE-DF08633C8D2C}.Release|x64.Build.0 = Release|x64
		{E62F4CF3-CDDF-4D7C-B1B4-72CA780D6BF5}.Debug|Any CPU.ActiveCfg = Debug|x64
		{E62F4CF3-CDDF-4D7C-B1B4-72CA780D6BF5}.Debug|x64.ActiveCfg = Debug|x64
		{E62F4CF3-CDDF-4D7C-B1B4-72CA780D6BF5}.Debug|x64.Build.0 = Debug|x64
		{E62F4CF3-CDDF-4D7C-B1B4-72CA780D6BF5}.Release|Any CPU.ActiveCfg = Release|x64
		{E62F4CF3-CDDF-4D7C-B1B4-72CA780D6BF5}.Release|x64.ActiveCfg = Release|x64
		{E62F4CF3-CDDF-4D7C-B1B4-72CA780D6BF5}.Release|x64.Build.0 = Release|x64
		{ED66A7A2-DB90-4CF6-813E-385F0EBD56EC}.Debug|Any CPU.ActiveCfg = Debug|x64
		{ED66A7A2-DB90-4CF6-813E-385F0EBD56EC}.Debug|x64.ActiveCfg = Debug|x64
		{ED66A7A2-DB90-4CF6-813E-385F0EBD56EC}.Debug|x64.Build.0 = Debug|x64
		{ED66A7A2-DB90-4CF6-813E-385F0EBD56EC}.Release|Any CPU.ActiveCfg = Release|x64
		{ED66A7A2-DB90-4CF6-813E-385F0EBD56EC}.Release|x64.ActiveCfg = Release|x64
		{ED66A7A2-DB90-4CF6-813E-385F0EBD56EC}.Release|x64.Build.0 = Release|x64
		{1B675580-644F-4DEE-9153-9079257CA549}.Debug|Any CPU.ActiveCfg = Debug|Any CPU
		{1B675580-644F-4DEE-9153-9079257CA549}.Debug|Any CPU.Build.0 = Debug|Any CPU
		{1B675580-644F-4DEE-9153-9079257CA549}.Debug|x64.ActiveCfg = Debug|Any CPU
		{1B675580-644F-4DEE-9153-9079257CA549}.Debug|x64.Build.0 = Debug|Any CPU
		{1B675580-644F-4DEE-9153-9079257CA549}.Release|Any CPU.ActiveCfg = Release|Any CPU
		{1B675580-644F-4DEE-9153-9079257CA549}.Release|Any CPU.Build.0 = Release|Any CPU
		{1B675580-644F-4DEE-9153-9079257CA549}.Release|x64.ActiveCfg = Release|Any CPU
	EndGlobalSection
	GlobalSection(SolutionProperties) = preSolution
		HideSolutionNode = FALSE
	EndGlobalSection
	GlobalSection(ExtensibilityGlobals) = postSolution
		SolutionGuid = {B14A0E72-17B8-4313-81DD-BB8506458E39}
	EndGlobalSection
EndGlobal
